Microsoft Visual Studio Solution File, Format Version 12.00
# Visual Studio Version 17
VisualStudioVersion = 17.5.2.0
MinimumVisualStudioVersion = 10.0.40219.1
Project("{FAE04EC0-301F-11D3-BF4B-00C04F79EFBC}") = "AlwaysOnTop", "AlwaysOnTop.csproj", "{6F612E9D-93FE-A078-0E0A-E8DE413810A8}"
EndProject
Global
	GlobalSection(SolutionConfigurationPlatforms) = preSolution
		Debug|Any CPU = Debug|Any CPU
		Release|Any CPU = Release|Any CPU
	EndGlobalSection
	GlobalSection(ProjectConfigurationPlatforms) = postSolution
		{6F612E9D-93FE-A078-0E0A-E8DE413810A8}.Debug|Any CPU.ActiveCfg = Debug|Any CPU
		{6F612E9D-93FE-A078-0E0A-E8DE413810A8}.Debug|Any CPU.Build.0 = Debug|Any CPU
		{6F612E9D-93FE-A078-0E0A-E8DE413810A8}.Release|Any CPU.ActiveCfg = Release|Any CPU
		{6F612E9D-93FE-A078-0E0A-E8DE413810A8}.Release|Any CPU.Build.0 = Release|Any CPU
	EndGlobalSection
	GlobalSection(SolutionProperties) = preSolution
		HideSolutionNode = FALSE
	EndGlobalSection
	GlobalSection(ExtensibilityGlobals) = postSolution
		SolutionGuid = {A54C9DCC-712A-4078-90FC-8CB0C2641E4A}
	EndGlobalSection
EndGlobal
